// !$*UTF8*$!
{
	archiveVersion = 1;
	classes = {
	};
	objectVersion = 50;
	objects = {

/* Begin PBXBuildFile section */
		AC2838E820C0C616001B4DDD /* SqueezeNet.mlmodel in Sources */ = {isa = PBXBuildFile; fileRef = AC2838E720C0C616001B4DDD /* SqueezeNet.mlmodel */; };
		ACABABFD20BE1876001CCBBB /* AppDelegate.swift in Sources */ = {isa = PBXBuildFile; fileRef = ACABABFC20BE1876001CCBBB /* AppDelegate.swift */; };
		ACABABFF20BE1876001CCBBB /* CameraVC.swift in Sources */ = {isa = PBXBuildFile; fileRef = ACABABFE20BE1876001CCBBB /* CameraVC.swift */; };
		ACABAC0220BE1876001CCBBB /* Main.storyboard in Resources */ = {isa = PBXBuildFile; fileRef = ACABAC0020BE1876001CCBBB /* Main.storyboard */; };
		ACABAC0420BE1877001CCBBB /* Assets.xcassets in Resources */ = {isa = PBXBuildFile; fileRef = ACABAC0320BE1877001CCBBB /* Assets.xcassets */; };
		ACABAC0720BE1877001CCBBB /* LaunchScreen.storyboard in Resources */ = {isa = PBXBuildFile; fileRef = ACABAC0520BE1877001CCBBB /* LaunchScreen.storyboard */; };
		ACABAC1220BE20FF001CCBBB /* RoundedShadowView.swift in Sources */ = {isa = PBXBuildFile; fileRef = ACABAC1120BE20FF001CCBBB /* RoundedShadowView.swift */; };
		ACABAC1420BE2221001CCBBB /* RoundedShadowButton.swift in Sources */ = {isa = PBXBuildFile; fileRef = ACABAC1320BE2221001CCBBB /* RoundedShadowButton.swift */; };
		ACABAC1620BE225A001CCBBB /* RoundedShadowImageView.swift in Sources */ = {isa = PBXBuildFile; fileRef = ACABAC1520BE225A001CCBBB /* RoundedShadowImageView.swift */; };
/* End PBXBuildFile section */

/* Begin PBXFileReference section */
		AC2838E720C0C616001B4DDD /* SqueezeNet.mlmodel */ = {isa = PBXFileReference; lastKnownFileType = file.mlmodel; path = SqueezeNet.mlmodel; sourceTree = "<group>"; };
		ACABABF920BE1876001CCBBB /* VisionAppDev.app */ = {isa = PBXFileReference; explicitFileType = wrapper.application; includeInIndex = 0; path = VisionAppDev.app; sourceTree = BUILT_PRODUCTS_DIR; };
		ACABABFC20BE1876001CCBBB /* AppDelegate.swift */ = {isa = PBXFileReference; lastKnownFileType = sourcecode.swift; path = AppDelegate.swift; sourceTree = "<group>"; };
		ACABABFE20BE1876001CCBBB /* CameraVC.swift */ = {isa = PBXFileReference; lastKnownFileType = sourcecode.swift; path = CameraVC.swift; sourceTree = "<group>"; };
		ACABAC0120BE1876001CCBBB /* Base */ = {isa = PBXFileReference; lastKnownFileType = file.storyboard; name = Base; path = Base.lproj/Main.storyboard; sourceTree = "<group>"; };
		ACABAC0320BE1877001CCBBB /* Assets.xcassets */ = {isa = PBXFileReference; lastKnownFileType = folder.assetcatalog; path = Assets.xcassets; sourceTree = "<group>"; };
		ACABAC0620BE1877001CCBBB /* Base */ = {isa = PBXFileReference; lastKnownFileType = file.storyboard; name = Base; path = Base.lproj/LaunchScreen.storyboard; sourceTree = "<group>"; };
		ACABAC0820BE1877001CCBBB /* Info.plist */ = {isa = PBXFileReference; lastKnownFileType = text.plist.xml; path = Info.plist; sourceTree = "<group>"; };
		ACABAC1120BE20FF001CCBBB /* RoundedShadowView.swift */ = {isa = PBXFileReference; lastKnownFileType = sourcecode.swift; path = RoundedShadowView.swift; sourceTree = "<group>"; };
		ACABAC1320BE2221001CCBBB /* RoundedShadowButton.swift */ = {isa = PBXFileReference; lastKnownFileType = sourcecode.swift; path = RoundedShadowButton.swift; sourceTree = "<group>"; };
		ACABAC1520BE225A001CCBBB /* RoundedShadowImageView.swift */ = {isa = PBXFileReference; lastKnownFileType = sourcecode.swift; path = RoundedShadowImageView.swift; sourceTree = "<group>"; };
/* End PBXFileReference section */

/* Begin PBXFrameworksBuildPhase section */
		ACABABF620BE1875001CCBBB /* Frameworks */ = {
			isa = PBXFrameworksBuildPhase;
			buildActionMask = 2147483647;
			files = (
			);
			runOnlyForDeploymentPostprocessing = 0;
		};
/* End PBXFrameworksBuildPhase section */

/* Begin PBXGroup section */
		ACABABF020BE1875001CCBBB = {
			isa = PBXGroup;
			children = (
				ACABABFB20BE1876001CCBBB /* VisionAppDev */,
				ACABABFA20BE1876001CCBBB /* Products */,
			);
			sourceTree = "<group>";
		};
		ACABABFA20BE1876001CCBBB /* Products */ = {
			isa = PBXGroup;
			children = (
				ACABABF920BE1876001CCBBB /* VisionAppDev.app */,
			);
			name = Products;
			sourceTree = "<group>";
		};
		ACABABFB20BE1876001CCBBB /* VisionAppDev */ = {
			isa = PBXGroup;
			children = (
				ACABAC1020BE18FA001CCBBB /* Resources */,
				ACABAC0F20BE18E1001CCBBB /* View */,
				ACABAC0E20BE18D8001CCBBB /* Controller */,
				ACABABFC20BE1876001CCBBB /* AppDelegate.swift */,
				ACABAC0020BE1876001CCBBB /* Main.storyboard */,
				ACABAC0320BE1877001CCBBB /* Assets.xcassets */,
				ACABAC0520BE1877001CCBBB /* LaunchScreen.storyboard */,
				ACABAC0820BE1877001CCBBB /* Info.plist */,
			);
			path = VisionAppDev;
			sourceTree = "<group>";
		};
		ACABAC0E20BE18D8001CCBBB /* Controller */ = {
			isa = PBXGroup;
			children = (
				ACABABFE20BE1876001CCBBB /* CameraVC.swift */,
			);
			path = Controller;
			sourceTree = "<group>";
		};
		ACABAC0F20BE18E1001CCBBB /* View */ = {
			isa = PBXGroup;
			children = (
				ACABAC1120BE20FF001CCBBB /* RoundedShadowView.swift */,
				ACABAC1320BE2221001CCBBB /* RoundedShadowButton.swift */,
				ACABAC1520BE225A001CCBBB /* RoundedShadowImageView.swift */,
			);
			path = View;
			sourceTree = "<group>";
		};
		ACABAC1020BE18FA001CCBBB /* Resources */ = {
			isa = PBXGroup;
			children = (
				AC2838E720C0C616001B4DDD /* SqueezeNet.mlmodel */,
			);
			path = Resources;
			sourceTree = "<group>";
		};
/* End PBXGroup section */

/* Begin PBXNativeTarget section */
		ACABABF820BE1875001CCBBB /* VisionAppDev */ = {
			isa = PBXNativeTarget;
			buildConfigurationList = ACABAC0B20BE1877001CCBBB /* Build configuration list for PBXNativeTarget "VisionAppDev" */;
			buildPhases = (
				ACABABF520BE1875001CCBBB /* Sources */,
				ACABABF620BE1875001CCBBB /* Frameworks */,
				ACABABF720BE1875001CCBBB /* Resources */,
			);
			buildRules = (
			);
			dependencies = (
			);
			name = VisionAppDev;
			productName = VisionAppDev;
			productReference = ACABABF920BE1876001CCBBB /* VisionAppDev.app */;
			productType = "com.apple.product-type.application";
		};
/* End PBXNativeTarget section */

/* Begin PBXProject section */
		ACABABF120BE1875001CCBBB /* Project object */ = {
			isa = PBXProject;
			attributes = {
				LastSwiftUpdateCheck = 0930;
				LastUpgradeCheck = 0930;
				ORGANIZATIONNAME = "Viktor Yamchinov";
				TargetAttributes = {
					ACABABF820BE1875001CCBBB = {
						CreatedOnToolsVersion = 9.3.1;
					};
				};
			};
			buildConfigurationList = ACABABF420BE1875001CCBBB /* Build configuration list for PBXProject "VisionAppDev" */;
			compatibilityVersion = "Xcode 9.3";
			developmentRegion = en;
			hasScannedForEncodings = 0;
			knownRegions = (
				en,
				Base,
			);
			mainGroup = ACABABF020BE1875001CCBBB;
			productRefGroup = ACABABFA20BE1876001CCBBB /* Products */;
			projectDirPath = "";
			projectRoot = "";
			targets = (
				ACABABF820BE1875001CCBBB /* VisionAppDev */,
			);
		};
/* End PBXProject section */

/* Begin PBXResourcesBuildPhase section */
		ACABABF720BE1875001CCBBB /* Resources */ = {
			isa = PBXResourcesBuildPhase;
			buildActionMask = 2147483647;
			files = (
				ACABAC0720BE1877001CCBBB /* LaunchScreen.storyboard in Resources */,
				ACABAC0420BE1877001CCBBB /* Assets.xcassets in Resources */,
				ACABAC0220BE1876001CCBBB /* Main.storyboard in Resources */,
			);
			runOnlyForDeploymentPostprocessing = 0;
		};
/* End PBXResourcesBuildPhase section */

/* Begin PBXSourcesBuildPhase section */
		ACABABF520BE1875001CCBBB /* Sources */ = {
			isa = PBXSourcesBuildPhase;
			buildActionMask = 2147483647;
			files = (
				ACABABFF20BE1876001CCBBB /* CameraVC.swift in Sources */,
				AC2838E820C0C616001B4DDD /* SqueezeNet.mlmodel in Sources */,
				ACABABFD20BE1876001CCBBB /* AppDelegate.swift in Sources */,
				ACABAC1220BE20FF001CCBBB /* RoundedShadowView.swift in Sources */,
				ACABAC1420BE2221001CCBBB /* RoundedShadowButton.swift in Sources */,
				ACABAC1620BE225A001CCBBB /* RoundedShadowImageView.swift in Sources */,
			);
			runOnlyForDeploymentPostprocessing = 0;
		};
/* End PBXSourcesBuildPhase section */

/* Begin PBXVariantGroup section */
		ACABAC0020BE1876001CCBBB /* Main.storyboard */ = {
			isa = PBXVariantGroup;
			children = (
				ACABAC0120BE1876001CCBBB /* Base */,
			);
			name = Main.storyboard;
			sourceTree = "<group>";
		};
		ACABAC0520BE1877001CCBBB /* LaunchScreen.storyboard */ = {
			isa = PBXVariantGroup;
			children = (
				ACABAC0620BE1877001CCBBB /* Base */,
			);
			name = LaunchScreen.storyboard;
			sourceTree = "<group>";
		};
/* End PBXVariantGroup section */

/* Begin XCBuildConfiguration section */
		ACABAC0920BE1877001CCBBB /* Debug */ = {
			isa = XCBuildConfiguration;
			buildSettings = {
				ALWAYS_SEARCH_USER_PATHS = NO;
				CLANG_ANALYZER_NONNULL = YES;
				CLANG_ANALYZER_NUMBER_OBJECT_CONVERSION = YES_AGGRESSIVE;
				CLANG_CXX_LANGUAGE_STANDARD = "gnu++14";
				CLANG_CXX_LIBRARY = "libc++";
				CLANG_ENABLE_MODULES = YES;
				CLANG_ENABLE_OBJC_ARC = YES;
				CLANG_ENABLE_OBJC_WEAK = YES;
				CLANG_WARN_BLOCK_CAPTURE_AUTORELEASING = YES;
				CLANG_WARN_BOOL_CONVERSION = YES;
				CLANG_WARN_COMMA = YES;
				CLANG_WARN_CONSTANT_CONVERSION = YES;
				CLANG_WARN_DEPRECATED_OBJC_IMPLEMENTATIONS = YES;
				CLANG_WARN_DIRECT_OBJC_ISA_USAGE = YES_ERROR;
				CLANG_WARN_DOCUMENTATION_COMMENTS = YES;
				CLANG_WARN_EMPTY_BODY = YES;
				CLANG_WARN_ENUM_CONVERSION = YES;
				CLANG_WARN_INFINITE_RECURSION = YES;
				CLANG_WARN_INT_CONVERSION = YES;
				CLANG_WARN_NON_LITERAL_NULL_CONVERSION = YES;
				CLANG_WARN_OBJC_IMPLICIT_RETAIN_SELF = YES;
				CLANG_WARN_OBJC_LITERAL_CONVERSION = YES;
				CLANG_WARN_OBJC_ROOT_CLASS = YES_ERROR;
				CLANG_WARN_RANGE_LOOP_ANALYSIS = YES;
				CLANG_WARN_STRICT_PROTOTYPES = YES;
				CLANG_WARN_SUSPICIOUS_MOVE = YES;
				CLANG_WARN_UNGUARDED_AVAILABILITY = YES_AGGRESSIVE;
				CLANG_WARN_UNREACHABLE_CODE = YES;
				CLANG_WARN__DUPLICATE_METHOD_MATCH = YES;
				CODE_SIGN_IDENTITY = "iPhone Developer";
				COPY_PHASE_STRIP = NO;
				DEBUG_INFORMATION_FORMAT = dwarf;
				ENABLE_STRICT_OBJC_MSGSEND = YES;
				ENABLE_TESTABILITY = YES;
				GCC_C_LANGUAGE_STANDARD = gnu11;
				GCC_DYNAMIC_NO_PIC = NO;
				GCC_NO_COMMON_BLOCKS = YES;
				GCC_OPTIMIZATION_LEVEL = 0;
				GCC_PREPROCESSOR_DEFINITIONS = (
					"DEBUG=1",
					"$(inherited)",
				);
				GCC_WARN_64_TO_32_BIT_CONVERSION = YES;
				GCC_WARN_ABOUT_RETURN_TYPE = YES_ERROR;
				GCC_WARN_UNDECLARED_SELECTOR = YES;
				GCC_WARN_UNINITIALIZED_AUTOS = YES_AGGRESSIVE;
				GCC_WARN_UNUSED_FUNCTION = YES;
				GCC_WARN_UNUSED_VARIABLE = YES;
				IPHONEOS_DEPLOYMENT_TARGET = 11.3;
				MTL_ENABLE_DEBUG_INFO = YES;
				ONLY_ACTIVE_ARCH = YES;
				SDKROOT = iphoneos;
				SWIFT_ACTIVE_COMPILATION_CONDITIONS = DEBUG;
				SWIFT_OPTIMIZATION_LEVEL = "-Onone";
			};
			name = Debug;
		};
		ACABAC0A20BE1877001CCBBB /* Release */ = {
			isa = XCBuildConfiguration;
			buildSettings = {
				ALWAYS_SEARCH_USER_PATHS = NO;
				CLANG_ANALYZER_NONNULL = YES;
				CLANG_ANALYZER_NUMBER_OBJECT_CONVERSION = YES_AGGRESSIVE;
				CLANG_CXX_LANGUAGE_STANDARD = "gnu++14";
				CLANG_CXX_LIBRARY = "libc++";
				CLANG_ENABLE_MODULES = YES;
				CLANG_ENABLE_OBJC_ARC = YES;
				CLANG_ENABLE_OBJC_WEAK = YES;
				CLANG_WARN_BLOCK_CAPTURE_AUTORELEASING = YES;
				CLANG_WARN_BOOL_CONVERSION = YES;
				CLANG_WARN_COMMA = YES;
				CLANG_WARN_CONSTANT_CONVERSION = YES;
				CLANG_WARN_DEPRECATED_OBJC_IMPLEMENTATIONS = YES;
				CLANG_WARN_DIRECT_OBJC_ISA_USAGE = YES_ERROR;
				CLANG_WARN_DOCUMENTATION_COMMENTS = YES;
				CLANG_WARN_EMPTY_BODY = YES;
				CLANG_WARN_ENUM_CONVERSION = YES;
				CLANG_WARN_INFINITE_RECURSION = YES;
				CLANG_WARN_INT_CONVERSION = YES;
				CLANG_WARN_NON_LITERAL_NULL_CONVERSION = YES;
				CLANG_WARN_OBJC_IMPLICIT_RETAIN_SELF = YES;
				CLANG_WARN_OBJC_LITERAL_CONVERSION = YES;
				CLANG_WARN_OBJC_ROOT_CLASS = YES_ERROR;
				CLANG_WARN_RANGE_LOOP_ANALYSIS = YES;
				CLANG_WARN_STRICT_PROTOTYPES = YES;
				CLANG_WARN_SUSPICIOUS_MOVE = YES;
				CLANG_WARN_UNGUARDED_AVAILABILITY = YES_AGGRESSIVE;
				CLANG_WARN_UNREACHABLE_CODE = YES;
				CLANG_WARN__DUPLICATE_METHOD_MATCH = YES;
				CODE_SIGN_IDENTITY = "iPhone Developer";
				COPY_PHASE_STRIP = NO;
				DEBUG_INFORMATION_FORMAT = "dwarf-with-dsym";
				ENABLE_NS_ASSERTIONS = NO;
				ENABLE_STRICT_OBJC_MSGSEND = YES;
				GCC_C_LANGUAGE_STANDARD = gnu11;
				GCC_NO_COMMON_BLOCKS = YES;
				GCC_WARN_64_TO_32_BIT_CONVERSION = YES;
				GCC_WARN_ABOUT_RETURN_TYPE = YES_ERROR;
				GCC_WARN_UNDECLARED_SELECTOR = YES;
				GCC_WARN_UNINITIALIZED_AUTOS = YES_AGGRESSIVE;
				GCC_WARN_UNUSED_FUNCTION = YES;
				GCC_WARN_UNUSED_VARIABLE = YES;
				IPHONEOS_DEPLOYMENT_TARGET = 11.3;
				MTL_ENABLE_DEBUG_INFO = NO;
				SDKROOT = iphoneos;
				SWIFT_COMPILATION_MODE = wholemodule;
				SWIFT_OPTIMIZATION_LEVEL = "-O";
				VALIDATE_PRODUCT = YES;
			};
			name = Release;
		};
		ACABAC0C20BE1877001CCBBB /* Debug */ = {
			isa = XCBuildConfiguration;
			buildSettings = {
				ASSETCATALOG_COMPILER_APPICON_NAME = AppIcon;
				CODE_SIGN_STYLE = Automatic;
				DEVELOPMENT_TEAM = 493PFTF9Q4;
				INFOPLIST_FILE = VisionAppDev/Info.plist;
				LD_RUNPATH_SEARCH_PATHS = (
					"$(inherited)",
					"@executable_path/Frameworks",
				);
				PRODUCT_BUNDLE_IDENTIFIER = com.techforline.VisionAppDev;
				PRODUCT_NAME = "$(TARGET_NAME)";
				SWIFT_VERSION = 4.0;
				TARGETED_DEVICE_FAMILY = "1,2";
			};
			name = Debug;
		};
		ACABAC0D20BE1877001CCBBB /* Release */ = {
			isa = XCBuildConfiguration;
			buildSettings = {
				ASSETCATALOG_COMPILER_APPICON_NAME = AppIcon;
				CODE_SIGN_STYLE = Automatic;
				DEVELOPMENT_TEAM = 493PFTF9Q4;
				INFOPLIST_FILE = VisionAppDev/Info.plist;
				LD_RUNPATH_SEARCH_PATHS = (
					"$(inherited)",
					"@executable_path/Frameworks",
				);
				PRODUCT_BUNDLE_IDENTIFIER = com.techforline.VisionAppDev;
				PRODUCT_NAME = "$(TARGET_NAME)";
				SWIFT_VERSION = 4.0;
				TARGETED_DEVICE_FAMILY = "1,2";
			};
			name = Release;
		};
/* End XCBuildConfiguration section */

/* Begin XCConfigurationList section */
		ACABABF420BE1875001CCBBB /* Build configuration list for PBXProject "VisionAppDev" */ = {
			isa = XCConfigurationList;
			buildConfigurations = (
				ACABAC0920BE1877001CCBBB /* Debug */,
				ACABAC0A20BE1877001CCBBB /* Release */,
			);
			defaultConfigurationIsVisible = 0;
			defaultConfigurationName = Release;
		};
		ACABAC0B20BE1877001CCBBB /* Build configuration list for PBXNativeTarget "VisionAppDev" */ = {
			isa = XCConfigurationList;
			buildConfigurations = (
				ACABAC0C20BE1877001CCBBB /* Debug */,
				ACABAC0D20BE1877001CCBBB /* Release */,
			);
			defaultConfigurationIsVisible = 0;
			defaultConfigurationName = Release;
		};
/* End XCConfigurationList section */
	};
	rootObject = ACABABF120BE1875001CCBBB /* Project object */;
}
